
Microsoft Visual Studio Solution File, Format Version 12.00
# Visual Studio Version 17
VisualStudioVersion = 17.4.33213.308
MinimumVisualStudioVersion = 10.0.40219.1
Project("{FAE04EC0-301F-11D3-BF4B-00C04F79EFBC}") = "Strrings", "Strrings.csproj", "{D3C8065E-8E37-494A-834B-37805876A613}"
EndProject
Global
	GlobalSection(SolutionConfigurationPlatforms) = preSolution
		Debug|Any CPU = Debug|Any CPU
		Release|Any CPU = Release|Any CPU
	EndGlobalSection
	GlobalSection(ProjectConfigurationPlatforms) = postSolution
		{D3C8065E-8E37-494A-834B-37805876A613}.Debug|Any CPU.ActiveCfg = Debug|Any CPU
		{D3C8065E-8E37-494A-834B-37805876A613}.Debug|Any CPU.Build.0 = Debug|Any CPU
		{D3C8065E-8E37-494A-834B-37805876A613}.Release|Any CPU.ActiveCfg = Release|Any CPU
		{D3C8065E-8E37-494A-834B-37805876A613}.Release|Any CPU.Build.0 = Release|Any CPU
	EndGlobalSection
	GlobalSection(SolutionProperties) = preSolution
		HideSolutionNode = FALSE
	EndGlobalSection
	GlobalSection(ExtensibilityGlobals) = postSolution
		SolutionGuid = {82BE4567-3552-42AB-94BE-516A6E84D30A}
	EndGlobalSection
EndGlobal
